
Microsoft Visual Studio Solution File, Format Version 12.00
# Visual Studio Version 16
VisualStudioVersion = 16.0.30803.129
MinimumVisualStudioVersion = 10.0.40219.1
Project("{FAE04EC0-301F-11D3-BF4B-00C04F79EFBC}") = "BattleCampusMatchServer", "BattleCampusMatchServer\BattleCampusMatchServer.csproj", "{0E74712F-9312-4EB2-ACA9-4E21D018FA75}"
EndProject
Project("{FAE04EC0-301F-11D3-BF4B-00C04F79EFBC}") = "BattleCampusMatchServer.Models", "BattleCampusMatchServer.Models\BattleCampusMatchServer.Models.csproj", "{C43022E9-3826-44EE-AF52-FB342508E04C}"
EndProject
Project("{FAE04EC0-301F-11D3-BF4B-00C04F79EFBC}") = "BattleCampusMatchServer.Services", "BattleCampusMatchServer.Services\BattleCampusMatchServer.Services.csproj", "{0227FA9B-DE80-4C98-91D7-8927F709A81F}"
EndProject
Global
	GlobalSection(SolutionConfigurationPlatforms) = preSolution
		Debug|Any CPU = Debug|Any CPU
		Release|Any CPU = Release|Any CPU
	EndGlobalSection
	GlobalSection(ProjectConfigurationPlatforms) = postSolution
		{0E74712F-9312-4EB2-ACA9-4E21D018FA75}.Debug|Any CPU.ActiveCfg = Debug|Any CPU
		{0E74712F-9312-4EB2-ACA9-4E21D018FA75}.Debug|Any CPU.Build.0 = Debug|Any CPU
		{0E74712F-9312-4EB2-ACA9-4E21D018FA75}.Release|Any CPU.ActiveCfg = Release|Any CPU
		{0E74712F-9312-4EB2-ACA9-4E21D018FA75}.Release|Any CPU.Build.0 = Release|Any CPU
		{C43022E9-3826-44EE-AF52-FB342508E04C}.Debug|Any CPU.ActiveCfg = Debug|Any CPU
		{C43022E9-3826-44EE-AF52-FB342508E04C}.Debug|Any CPU.Build.0 = Debug|Any CPU
		{C43022E9-3826-44EE-AF52-FB342508E04C}.Release|Any CPU.ActiveCfg = Release|Any CPU
		{C43022E9-3826-44EE-AF52-FB342508E04C}.Release|Any CPU.Build.0 = Release|Any CPU
		{0227FA9B-DE80-4C98-91D7-8927F709A81F}.Debug|Any CPU.ActiveCfg = Debug|Any CPU
		{0227FA9B-DE80-4C98-91D7-8927F709A81F}.Debug|Any CPU.Build.0 = Debug|Any CPU
		{0227FA9B-DE80-4C98-91D7-8927F709A81F}.Release|Any CPU.ActiveCfg = Release|Any CPU
		{0227FA9B-DE80-4C98-91D7-8927F709A81F}.Release|Any CPU.Build.0 = Release|Any CPU
	EndGlobalSection
	GlobalSection(SolutionProperties) = preSolution
		HideSolutionNode = FALSE
	EndGlobalSection
	GlobalSection(ExtensibilityGlobals) = postSolution
		SolutionGuid = {BFCA426E-9319-46C4-8D3A-4647383EC474}
	EndGlobalSection
EndGlobal
